// !$*UTF8*$!
{
	archiveVersion = 1;
	classes = {
	};
	objectVersion = 77;
	objects = {

/* Begin PBXContainerItemProxy section */
		57169AFE2E6CE31200D9AC56 /* PBXContainerItemProxy */ = {
			isa = PBXContainerItemProxy;
			containerPortal = 57169AE82E6CE31100D9AC56 /* Project object */;
			proxyType = 1;
			remoteGlobalIDString = 57169AEF2E6CE31100D9AC56;
			remoteInfo = swingmaster;
		};
		57169B082E6CE31200D9AC56 /* PBXContainerItemProxy */ = {
			isa = PBXContainerItemProxy;
			containerPortal = 57169AE82E6CE31100D9AC56 /* Project object */;
			proxyType = 1;
			remoteGlobalIDString = 57169AEF2E6CE31100D9AC56;
			remoteInfo = swingmaster;
		};
/* End PBXContainerItemProxy section */

/* Begin PBXFileReference section */
		57169AF02E6CE31100D9AC56 /* swingmaster.app */ = {isa = PBXFileReference; explicitFileType = wrapper.application; includeInIndex = 0; path = swingmaster.app; sourceTree = BUILT_PRODUCTS_DIR; };
		57169AFD2E6CE31200D9AC56 /* swingmasterTests.xctest */ = {isa = PBXFileReference; explicitFileType = wrapper.cfbundle; includeInIndex = 0; path = swingmasterTests.xctest; sourceTree = BUILT_PRODUCTS_DIR; };
		57169B072E6CE31200D9AC56 /* swingmasterUITests.xctest */ = {isa = PBXFileReference; explicitFileType = wrapper.cfbundle; includeInIndex = 0; path = swingmasterUITests.xctest; sourceTree = BUILT_PRODUCTS_DIR; };
/* End PBXFileReference section */

/* Begin PBXFileSystemSynchronizedRootGroup section */
		57169AF22E6CE31100D9AC56 /* swingmaster */ = {
			isa = PBXFileSystemSynchronizedRootGroup;
			path = swingmaster;
			sourceTree = "<group>";
		};
		57169B002E6CE31200D9AC56 /* swingmasterTests */ = {
			isa = PBXFileSystemSynchronizedRootGroup;
			path = swingmasterTests;
			sourceTree = "<group>";
		};
		57169B0A2E6CE31200D9AC56 /* swingmasterUITests */ = {
			isa = PBXFileSystemSynchronizedRootGroup;
			path = swingmasterUITests;
			sourceTree = "<group>";
		};
/* End PBXFileSystemSynchronizedRootGroup section */

/* Begin PBXFrameworksBuildPhase section */
		57169AED2E6CE31100D9AC56 /* Frameworks */ = {
			isa = PBXFrameworksBuildPhase;
			buildActionMask = 2147483647;
			files = (
			);
			runOnlyForDeploymentPostprocessing = 0;
		};
		57169AFA2E6CE31200D9AC56 /* Frameworks */ = {
			isa = PBXFrameworksBuildPhase;
			buildActionMask = 2147483647;
			files = (
			);
			runOnlyForDeploymentPostprocessing = 0;
		};
		57169B042E6CE31200D9AC56 /* Frameworks */ = {
			isa = PBXFrameworksBuildPhase;
			buildActionMask = 2147483647;
			files = (
			);
			runOnlyForDeploymentPostprocessing = 0;
		};
/* End PBXFrameworksBuildPhase section */

/* Begin PBXGroup section */
		57169AE72E6CE31100D9AC56 = {
			isa = PBXGroup;
			children = (
				57169AF22E6CE31100D9AC56 /* swingmaster */,
				57169B002E6CE31200D9AC56 /* swingmasterTests */,
				57169B0A2E6CE31200D9AC56 /* swingmasterUITests */,
				57169AF12E6CE31100D9AC56 /* Products */,
			);
			sourceTree = "<group>";
		};
		57169AF12E6CE31100D9AC56 /* Products */ = {
			isa = PBXGroup;
			children = (
				57169AF02E6CE31100D9AC56 /* swingmaster.app */,
				57169AFD2E6CE31200D9AC56 /* swingmasterTests.xctest */,
				57169B072E6CE31200D9AC56 /* swingmasterUITests.xctest */,
			);
			name = Products;
			sourceTree = "<group>";
		};
/* End PBXGroup section */

/* Begin PBXNativeTarget section */
		57169AEF2E6CE31100D9AC56 /* swingmaster */ = {
			isa = PBXNativeTarget;
			buildConfigurationList = 57169B112E6CE31200D9AC56 /* Build configuration list for PBXNativeTarget "swingmaster" */;
			buildPhases = (
				57169AEC2E6CE31100D9AC56 /* Sources */,
				57169AED2E6CE31100D9AC56 /* Frameworks */,
				57169AEE2E6CE31100D9AC56 /* Resources */,
			);
			buildRules = (
			);
			dependencies = (
			);
			fileSystemSynchronizedGroups = (
				57169AF22E6CE31100D9AC56 /* swingmaster */,
			);
			name = swingmaster;
			packageProductDependencies = (
			);
			productName = swingmaster;
			productReference = 57169AF02E6CE31100D9AC56 /* swingmaster.app */;
			productType = "com.apple.product-type.application";
		};
		57169AFC2E6CE31200D9AC56 /* swingmasterTests */ = {
			isa = PBXNativeTarget;
			buildConfigurationList = 57169B142E6CE31200D9AC56 /* Build configuration list for PBXNativeTarget "swingmasterTests" */;
			buildPhases = (
				57169AF92E6CE31200D9AC56 /* Sources */,
				57169AFA2E6CE31200D9AC56 /* Frameworks */,
				57169AFB2E6CE31200D9AC56 /* Resources */,
			);
			buildRules = (
			);
			dependencies = (
				57169AFF2E6CE31200D9AC56 /* PBXTargetDependency */,
			);
			fileSystemSynchronizedGroups = (
				57169B002E6CE31200D9AC56 /* swingmasterTests */,
			);
			name = swingmasterTests;
			packageProductDependencies = (
			);
			productName = swingmasterTests;
			productReference = 57169AFD2E6CE31200D9AC56 /* swingmasterTests.xctest */;
			productType = "com.apple.product-type.bundle.unit-test";
		};
		57169B062E6CE31200D9AC56 /* swingmasterUITests */ = {
			isa = PBXNativeTarget;
			buildConfigurationList = 57169B172E6CE31200D9AC56 /* Build configuration list for PBXNativeTarget "swingmasterUITests" */;
			buildPhases = (
				57169B032E6CE31200D9AC56 /* Sources */,
				57169B042E6CE31200D9AC56 /* Frameworks */,
				57169B052E6CE31200D9AC56 /* Resources */,
			);
			buildRules = (
			);
			dependencies = (
				57169B092E6CE31200D9AC56 /* PBXTargetDependency */,
			);
			fileSystemSynchronizedGroups = (
				57169B0A2E6CE31200D9AC56 /* swingmasterUITests */,
			);
			name = swingmasterUITests;
			packageProductDependencies = (
			);
			productName = swingmasterUITests;
			productReference = 57169B072E6CE31200D9AC56 /* swingmasterUITests.xctest */;
			productType = "com.apple.product-type.bundle.ui-testing";
		};
/* End PBXNativeTarget section */

/* Begin PBXProject section */
		57169AE82E6CE31100D9AC56 /* Project object */ = {
			isa = PBXProject;
			attributes = {
				BuildIndependentTargetsInParallel = 1;
				LastSwiftUpdateCheck = 1640;
				LastUpgradeCheck = 1640;
				TargetAttributes = {
					57169AEF2E6CE31100D9AC56 = {
						CreatedOnToolsVersion = 16.4;
					};
					57169AFC2E6CE31200D9AC56 = {
						CreatedOnToolsVersion = 16.4;
						TestTargetID = 57169AEF2E6CE31100D9AC56;
					};
					57169B062E6CE31200D9AC56 = {
						CreatedOnToolsVersion = 16.4;
						TestTargetID = 57169AEF2E6CE31100D9AC56;
					};
				};
			};
			buildConfigurationList = 57169AEB2E6CE31100D9AC56 /* Build configuration list for PBXProject "swingmaster" */;
			developmentRegion = en;
			hasScannedForEncodings = 0;
			knownRegions = (
				en,
				Base,
			);
			mainGroup = 57169AE72E6CE31100D9AC56;
			minimizedProjectReferenceProxies = 1;
			preferredProjectObjectVersion = 77;
			productRefGroup = 57169AF12E6CE31100D9AC56 /* Products */;
			projectDirPath = "";
			projectRoot = "";
			targets = (
				57169AEF2E6CE31100D9AC56 /* swingmaster */,
				57169AFC2E6CE31200D9AC56 /* swingmasterTests */,
				57169B062E6CE31200D9AC56 /* swingmasterUITests */,
			);
		};
/* End PBXProject section */

/* Begin PBXResourcesBuildPhase section */
		57169AEE2E6CE31100D9AC56 /* Resources */ = {
			isa = PBXResourcesBuildPhase;
			buildActionMask = 2147483647;
			files = (
			);
			runOnlyForDeploymentPostprocessing = 0;
		};
		57169AFB2E6CE31200D9AC56 /* Resources */ = {
			isa = PBXResourcesBuildPhase;
			buildActionMask = 2147483647;
			files = (
			);
			runOnlyForDeploymentPostprocessing = 0;
		};
		57169B052E6CE31200D9AC56 /* Resources */ = {
			isa = PBXResourcesBuildPhase;
			buildActionMask = 2147483647;
			files = (
			);
			runOnlyForDeploymentPostprocessing = 0;
		};
/* End PBXResourcesBuildPhase section */

/* Begin PBXSourcesBuildPhase section */
		57169AEC2E6CE31100D9AC56 /* Sources */ = {
			isa = PBXSourcesBuildPhase;
			buildActionMask = 2147483647;
			files = (
			);
			runOnlyForDeploymentPostprocessing = 0;
		};
		57169AF92E6CE31200D9AC56 /* Sources */ = {
			isa = PBXSourcesBuildPhase;
			buildActionMask = 2147483647;
			files = (
			);
			runOnlyForDeploymentPostprocessing = 0;
		};
		57169B032E6CE31200D9AC56 /* Sources */ = {
			isa = PBXSourcesBuildPhase;
			buildActionMask = 2147483647;
			files = (
			);
			runOnlyForDeploymentPostprocessing = 0;
		};
/* End PBXSourcesBuildPhase section */

/* Begin PBXTargetDependency section */
		57169AFF2E6CE31200D9AC56 /* PBXTargetDependency */ = {
			isa = PBXTargetDependency;
			target = 57169AEF2E6CE31100D9AC56 /* swingmaster */;
			targetProxy = 57169AFE2E6CE31200D9AC56 /* PBXContainerItemProxy */;
		};
		57169B092E6CE31200D9AC56 /* PBXTargetDependency */ = {
			isa = PBXTargetDependency;
			target = 57169AEF2E6CE31100D9AC56 /* swingmaster */;
			targetProxy = 57169B082E6CE31200D9AC56 /* PBXContainerItemProxy */;
		};
/* End PBXTargetDependency section */

/* Begin XCBuildConfiguration section */
		57169B0F2E6CE31200D9AC56 /* Debug */ = {
			isa = XCBuildConfiguration;
			buildSettings = {
				ALWAYS_SEARCH_USER_PATHS = NO;
				ASSETCATALOG_COMPILER_GENERATE_SWIFT_ASSET_SYMBOL_EXTENSIONS = YES;
				CLANG_ANALYZER_NONNULL = YES;
				CLANG_ANALYZER_NUMBER_OBJECT_CONVERSION = YES_AGGRESSIVE;
				CLANG_CXX_LANGUAGE_STANDARD = "gnu++20";
				CLANG_ENABLE_MODULES = YES;
				CLANG_ENABLE_OBJC_ARC = YES;
				CLANG_ENABLE_OBJC_WEAK = YES;
				CLANG_WARN_BLOCK_CAPTURE_AUTORELEASING = YES;
				CLANG_WARN_BOOL_CONVERSION = YES;
				CLANG_WARN_COMMA = YES;
				CLANG_WARN_CONSTANT_CONVERSION = YES;
				CLANG_WARN_DEPRECATED_OBJC_IMPLEMENTATIONS = YES;
				CLANG_WARN_DIRECT_OBJC_ISA_USAGE = YES_ERROR;
				CLANG_WARN_DOCUMENTATION_COMMENTS = YES;
				CLANG_WARN_EMPTY_BODY = YES;
				CLANG_WARN_ENUM_CONVERSION = YES;
				CLANG_WARN_INFINITE_RECURSION = YES;
				CLANG_WARN_INT_CONVERSION = YES;
				CLANG_WARN_NON_LITERAL_NULL_CONVERSION = YES;
				CLANG_WARN_OBJC_IMPLICIT_RETAIN_SELF = YES;
				CLANG_WARN_OBJC_LITERAL_CONVERSION = YES;
				CLANG_WARN_OBJC_ROOT_CLASS = YES_ERROR;
				CLANG_WARN_QUOTED_INCLUDE_IN_FRAMEWORK_HEADER = YES;
				CLANG_WARN_RANGE_LOOP_ANALYSIS = YES;
				CLANG_WARN_STRICT_PROTOTYPES = YES;
				CLANG_WARN_SUSPICIOUS_MOVE = YES;
				CLANG_WARN_UNGUARDED_AVAILABILITY = YES_AGGRESSIVE;
				CLANG_WARN_UNREACHABLE_CODE = YES;
				CLANG_WARN__DUPLICATE_METHOD_MATCH = YES;
				COPY_PHASE_STRIP = NO;
				DEBUG_INFORMATION_FORMAT = dwarf;
				DEVELOPMENT_TEAM = CH7F83CNMY;
				ENABLE_STRICT_OBJC_MSGSEND = YES;
				ENABLE_TESTABILITY = YES;
				ENABLE_USER_SCRIPT_SANDBOXING = YES;
				GCC_C_LANGUAGE_STANDARD = gnu17;
				GCC_DYNAMIC_NO_PIC = NO;
				GCC_NO_COMMON_BLOCKS = YES;
				GCC_OPTIMIZATION_LEVEL = 0;
				GCC_PREPROCESSOR_DEFINITIONS = (
					"DEBUG=1",
					"$(inherited)",
				);
				GCC_WARN_64_TO_32_BIT_CONVERSION = YES;
				GCC_WARN_ABOUT_RETURN_TYPE = YES_ERROR;
				GCC_WARN_UNDECLARED_SELECTOR = YES;
				GCC_WARN_UNINITIALIZED_AUTOS = YES_AGGRESSIVE;
				GCC_WARN_UNUSED_FUNCTION = YES;
				GCC_WARN_UNUSED_VARIABLE = YES;
				IPHONEOS_DEPLOYMENT_TARGET = 18.5;
				LOCALIZATION_PREFERS_STRING_CATALOGS = YES;
				MTL_ENABLE_DEBUG_INFO = INCLUDE_SOURCE;
				MTL_FAST_MATH = YES;
				ONLY_ACTIVE_ARCH = YES;
				SDKROOT = iphoneos;
				SWIFT_ACTIVE_COMPILATION_CONDITIONS = "DEBUG $(inherited)";
				SWIFT_OPTIMIZATION_LEVEL = "-Onone";
			};
			name = Debug;
		};
		57169B102E6CE31200D9AC56 /* Release */ = {
			isa = XCBuildConfiguration;
			buildSettings = {
				ALWAYS_SEARCH_USER_PATHS = NO;
				ASSETCATALOG_COMPILER_GENERATE_SWIFT_ASSET_SYMBOL_EXTENSIONS = YES;
				CLANG_ANALYZER_NONNULL = YES;
				CLANG_ANALYZER_NUMBER_OBJECT_CONVERSION = YES_AGGRESSIVE;
				CLANG_CXX_LANGUAGE_STANDARD = "gnu++20";
				CLANG_ENABLE_MODULES = YES;
				CLANG_ENABLE_OBJC_ARC = YES;
				CLANG_ENABLE_OBJC_WEAK = YES;
				CLANG_WARN_BLOCK_CAPTURE_AUTORELEASING = YES;
				CLANG_WARN_BOOL_CONVERSION = YES;
				CLANG_WARN_COMMA = YES;
				CLANG_WARN_CONSTANT_CONVERSION = YES;
				CLANG_WARN_DEPRECATED_OBJC_IMPLEMENTATIONS = YES;
				CLANG_WARN_DIRECT_OBJC_ISA_USAGE = YES_ERROR;
				CLANG_WARN_DOCUMENTATION_COMMENTS = YES;
				CLANG_WARN_EMPTY_BODY = YES;
				CLANG_WARN_ENUM_CONVERSION = YES;
				CLANG_WARN_INFINITE_RECURSION = YES;
				CLANG_WARN_INT_CONVERSION = YES;
				CLANG_WARN_NON_LITERAL_NULL_CONVERSION = YES;
				CLANG_WARN_OBJC_IMPLICIT_RETAIN_SELF = YES;
				CLANG_WARN_OBJC_LITERAL_CONVERSION = YES;
				CLANG_WARN_OBJC_ROOT_CLASS = YES_ERROR;
				CLANG_WARN_QUOTED_INCLUDE_IN_FRAMEWORK_HEADER = YES;
				CLANG_WARN_RANGE_LOOP_ANALYSIS = YES;
				CLANG_WARN_STRICT_PROTOTYPES = YES;
				CLANG_WARN_SUSPICIOUS_MOVE = YES;
				CLANG_WARN_UNGUARDED_AVAILABILITY = YES_AGGRESSIVE;
				CLANG_WARN_UNREACHABLE_CODE = YES;
				CLANG_WARN__DUPLICATE_METHOD_MATCH = YES;
				COPY_PHASE_STRIP = NO;
				DEBUG_INFORMATION_FORMAT = "dwarf-with-dsym";
				DEVELOPMENT_TEAM = CH7F83CNMY;
				ENABLE_NS_ASSERTIONS = NO;
				ENABLE_STRICT_OBJC_MSGSEND = YES;
				ENABLE_USER_SCRIPT_SANDBOXING = YES;
				GCC_C_LANGUAGE_STANDARD = gnu17;
				GCC_NO_COMMON_BLOCKS = YES;
				GCC_WARN_64_TO_32_BIT_CONVERSION = YES;
				GCC_WARN_ABOUT_RETURN_TYPE = YES_ERROR;
				GCC_WARN_UNDECLARED_SELECTOR = YES;
				GCC_WARN_UNINITIALIZED_AUTOS = YES_AGGRESSIVE;
				GCC_WARN_UNUSED_FUNCTION = YES;
				GCC_WARN_UNUSED_VARIABLE = YES;
				IPHONEOS_DEPLOYMENT_TARGET = 18.5;
				LOCALIZATION_PREFERS_STRING_CATALOGS = YES;
				MTL_ENABLE_DEBUG_INFO = NO;
				MTL_FAST_MATH = YES;
				SDKROOT = iphoneos;
				SWIFT_COMPILATION_MODE = wholemodule;
				VALIDATE_PRODUCT = YES;
			};
			name = Release;
		};
		57169B122E6CE31200D9AC56 /* Debug */ = {
			isa = XCBuildConfiguration;
			buildSettings = {
				ASSETCATALOG_COMPILER_APPICON_NAME = AppIcon;
				ASSETCATALOG_COMPILER_GLOBAL_ACCENT_COLOR_NAME = AccentColor;
				CODE_SIGN_STYLE = Automatic;
				CURRENT_PROJECT_VERSION = 1;
				DEVELOPMENT_TEAM = CH7F83CNMY;
				ENABLE_PREVIEWS = YES;
				GENERATE_INFOPLIST_FILE = YES;
				INFOPLIST_KEY_NSCameraUsageDescription = "We use the camera to record your tennis swings.";
				INFOPLIST_KEY_NSMicrophoneUsageDescription = "We use the microphone to capture video sound.";
				INFOPLIST_KEY_UIApplicationSceneManifest_Generation = YES;
				INFOPLIST_KEY_UIApplicationSupportsIndirectInputEvents = YES;
				INFOPLIST_KEY_UILaunchScreen_Generation = YES;
				INFOPLIST_KEY_UISupportedInterfaceOrientations_iPad = "UIInterfaceOrientationPortrait UIInterfaceOrientationPortraitUpsideDown UIInterfaceOrientationLandscapeLeft UIInterfaceOrientationLandscapeRight";
				INFOPLIST_KEY_UISupportedInterfaceOrientations_iPhone = "UIInterfaceOrientationPortrait UIInterfaceOrientationLandscapeLeft UIInterfaceOrientationLandscapeRight";
				LD_RUNPATH_SEARCH_PATHS = (
					"$(inherited)",
					"@executable_path/Frameworks",
				);
				MARKETING_VERSION = 1.0;
				PRODUCT_BUNDLE_IDENTIFIER = victorz.swingmaster;
				PRODUCT_NAME = "$(TARGET_NAME)";
				SWIFT_EMIT_LOC_STRINGS = YES;
				SWIFT_VERSION = 5.0;
				TARGETED_DEVICE_FAMILY = "1,2";
			};
			name = Debug;
		};
		57169B132E6CE31200D9AC56 /* Release */ = {
			isa = XCBuildConfiguration;
			buildSettings = {
				ASSETCATALOG_COMPILER_APPICON_NAME = AppIcon;
				ASSETCATALOG_COMPILER_GLOBAL_ACCENT_COLOR_NAME = AccentColor;
				CODE_SIGN_STYLE = Automatic;
				CURRENT_PROJECT_VERSION = 1;
				DEVELOPMENT_TEAM = CH7F83CNMY;
				ENABLE_PREVIEWS = YES;
				GENERATE_INFOPLIST_FILE = YES;
				INFOPLIST_KEY_NSCameraUsageDescription = "We use the camera to record your tennis swings.";
				INFOPLIST_KEY_NSMicrophoneUsageDescription = "We use the microphone to capture video sound.";
				INFOPLIST_KEY_UIApplicationSceneManifest_Generation = YES;
				INFOPLIST_KEY_UIApplicationSupportsIndirectInputEvents = YES;
				INFOPLIST_KEY_UILaunchScreen_Generation = YES;
				INFOPLIST_KEY_UISupportedInterfaceOrientations_iPad = "UIInterfaceOrientationPortrait UIInterfaceOrientationPortraitUpsideDown UIInterfaceOrientationLandscapeLeft UIInterfaceOrientationLandscapeRight";
				INFOPLIST_KEY_UISupportedInterfaceOrientations_iPhone = "UIInterfaceOrientationPortrait UIInterfaceOrientationLandscapeLeft UIInterfaceOrientationLandscapeRight";
				LD_RUNPATH_SEARCH_PATHS = (
					"$(inherited)",
					"@executable_path/Frameworks",
				);
				MARKETING_VERSION = 1.0;
				PRODUCT_BUNDLE_IDENTIFIER = victorz.swingmaster;
				PRODUCT_NAME = "$(TARGET_NAME)";
				SWIFT_EMIT_LOC_STRINGS = YES;
				SWIFT_VERSION = 5.0;
				TARGETED_DEVICE_FAMILY = "1,2";
			};
			name = Release;
		};
		57169B152E6CE31200D9AC56 /* Debug */ = {
			isa = XCBuildConfiguration;
			buildSettings = {
				BUNDLE_LOADER = "$(TEST_HOST)";
				CODE_SIGN_STYLE = Automatic;
				CURRENT_PROJECT_VERSION = 1;
				DEVELOPMENT_TEAM = CH7F83CNMY;
				GENERATE_INFOPLIST_FILE = YES;
				IPHONEOS_DEPLOYMENT_TARGET = 18.5;
				MARKETING_VERSION = 1.0;
				PRODUCT_BUNDLE_IDENTIFIER = victorz.swingmasterTests;
				PRODUCT_NAME = "$(TARGET_NAME)";
				SWIFT_EMIT_LOC_STRINGS = NO;
				SWIFT_VERSION = 5.0;
				TARGETED_DEVICE_FAMILY = "1,2";
				TEST_HOST = "$(BUILT_PRODUCTS_DIR)/swingmaster.app/$(BUNDLE_EXECUTABLE_FOLDER_PATH)/swingmaster";
			};
			name = Debug;
		};
		57169B162E6CE31200D9AC56 /* Release */ = {
			isa = XCBuildConfiguration;
			buildSettings = {
				BUNDLE_LOADER = "$(TEST_HOST)";
				CODE_SIGN_STYLE = Automatic;
				CURRENT_PROJECT_VERSION = 1;
				DEVELOPMENT_TEAM = CH7F83CNMY;
				GENERATE_INFOPLIST_FILE = YES;
				IPHONEOS_DEPLOYMENT_TARGET = 18.5;
				MARKETING_VERSION = 1.0;
				PRODUCT_BUNDLE_IDENTIFIER = victorz.swingmasterTests;
				PRODUCT_NAME = "$(TARGET_NAME)";
				SWIFT_EMIT_LOC_STRINGS = NO;
				SWIFT_VERSION = 5.0;
				TARGETED_DEVICE_FAMILY = "1,2";
				TEST_HOST = "$(BUILT_PRODUCTS_DIR)/swingmaster.app/$(BUNDLE_EXECUTABLE_FOLDER_PATH)/swingmaster";
			};
			name = Release;
		};
		57169B182E6CE31200D9AC56 /* Debug */ = {
			isa = XCBuildConfiguration;
			buildSettings = {
				CODE_SIGN_STYLE = Automatic;
				CURRENT_PROJECT_VERSION = 1;
				DEVELOPMENT_TEAM = CH7F83CNMY;
				GENERATE_INFOPLIST_FILE = YES;
				MARKETING_VERSION = 1.0;
				PRODUCT_BUNDLE_IDENTIFIER = victorz.swingmasterUITests;
				PRODUCT_NAME = "$(TARGET_NAME)";
				SWIFT_EMIT_LOC_STRINGS = NO;
				SWIFT_VERSION = 5.0;
				TARGETED_DEVICE_FAMILY = "1,2";
				TEST_TARGET_NAME = swingmaster;
			};
			name = Debug;
		};
		57169B192E6CE31200D9AC56 /* Release */ = {
			isa = XCBuildConfiguration;
			buildSettings = {
				CODE_SIGN_STYLE = Automatic;
				CURRENT_PROJECT_VERSION = 1;
				DEVELOPMENT_TEAM = CH7F83CNMY;
				GENERATE_INFOPLIST_FILE = YES;
				MARKETING_VERSION = 1.0;
				PRODUCT_BUNDLE_IDENTIFIER = victorz.swingmasterUITests;
				PRODUCT_NAME = "$(TARGET_NAME)";
				SWIFT_EMIT_LOC_STRINGS = NO;
				SWIFT_VERSION = 5.0;
				TARGETED_DEVICE_FAMILY = "1,2";
				TEST_TARGET_NAME = swingmaster;
			};
			name = Release;
		};
/* End XCBuildConfiguration section */

/* Begin XCConfigurationList section */
		57169AEB2E6CE31100D9AC56 /* Build configuration list for PBXProject "swingmaster" */ = {
			isa = XCConfigurationList;
			buildConfigurations = (
				57169B0F2E6CE31200D9AC56 /* Debug */,
				57169B102E6CE31200D9AC56 /* Release */,
			);
			defaultConfigurationIsVisible = 0;
			defaultConfigurationName = Release;
		};
		57169B112E6CE31200D9AC56 /* Build configuration list for PBXNativeTarget "swingmaster" */ = {
			isa = XCConfigurationList;
			buildConfigurations = (
				57169B122E6CE31200D9AC56 /* Debug */,
				57169B132E6CE31200D9AC56 /* Release */,
			);
			defaultConfigurationIsVisible = 0;
			defaultConfigurationName = Release;
		};
		57169B142E6CE31200D9AC56 /* Build configuration list for PBXNativeTarget "swingmasterTests" */ = {
			isa = XCConfigurationList;
			buildConfigurations = (
				57169B152E6CE31200D9AC56 /* Debug */,
				57169B162E6CE31200D9AC56 /* Release */,
			);
			defaultConfigurationIsVisible = 0;
			defaultConfigurationName = Release;
		};
		57169B172E6CE31200D9AC56 /* Build configuration list for PBXNativeTarget "swingmasterUITests" */ = {
			isa = XCConfigurationList;
			buildConfigurations = (
				57169B182E6CE31200D9AC56 /* Debug */,
				57169B192E6CE31200D9AC56 /* Release */,
			);
			defaultConfigurationIsVisible = 0;
			defaultConfigurationName = Release;
		};
/* End XCConfigurationList section */
	};
	rootObject = 57169AE82E6CE31100D9AC56 /* Project object */;
}
